
Microsoft Visual Studio Solution File, Format Version 12.00
# Visual Studio 2013
VisualStudioVersion = 12.0.21005.1
MinimumVisualStudioVersion = 10.0.40219.1
Project("{FAE04EC0-301F-11D3-BF4B-00C04F79EFBC}") = "DuplicateImageFinder", "DuplicateImageFinder\DuplicateImageFinder.csproj", "{AF9F73CD-C21B-4E71-807B-492C7A7DD4A1}"
EndProject
Project("{FAE04EC0-301F-11D3-BF4B-00C04F79EFBC}") = "DuplicateImageFinder.Test", "DuplicateImageFinder.Test\DuplicateImageFinder.Test.csproj", "{05D2AC99-CC37-446E-8FEC-54F43E7C7396}"
EndProject
Project("{FAE04EC0-301F-11D3-BF4B-00C04F79EFBC}") = "DuplicateImageFinder.Demo", "DuplicateImageFinder.Demo\DuplicateImageFinder.Demo.csproj", "{5B6A600E-682F-49B8-A536-0736136E93ED}"
EndProject
Project("{FAE04EC0-301F-11D3-BF4B-00C04F79EFBC}") = "DuplicateImageFinder.GUI", "DuplicateImageFinder.GUI\DuplicateImageFinder.GUI.csproj", "{291F3A21-17A8-4580-B36B-788C2DA35DA0}"
EndProject
Global
	GlobalSection(SolutionConfigurationPlatforms) = preSolution
		Debug|Any CPU = Debug|Any CPU
		Release|Any CPU = Release|Any CPU
	EndGlobalSection
	GlobalSection(ProjectConfigurationPlatforms) = postSolution
		{AF9F73CD-C21B-4E71-807B-492C7A7DD4A1}.Debug|Any CPU.ActiveCfg = Debug|Any CPU
		{AF9F73CD-C21B-4E71-807B-492C7A7DD4A1}.Debug|Any CPU.Build.0 = Debug|Any CPU
		{AF9F73CD-C21B-4E71-807B-492C7A7DD4A1}.Release|Any CPU.ActiveCfg = Release|Any CPU
		{AF9F73CD-C21B-4E71-807B-492C7A7DD4A1}.Release|Any CPU.Build.0 = Release|Any CPU
		{05D2AC99-CC37-446E-8FEC-54F43E7C7396}.Debug|Any CPU.ActiveCfg = Debug|Any CPU
		{05D2AC99-CC37-446E-8FEC-54F43E7C7396}.Debug|Any CPU.Build.0 = Debug|Any CPU
		{05D2AC99-CC37-446E-8FEC-54F43E7C7396}.Release|Any CPU.ActiveCfg = Release|Any CPU
		{05D2AC99-CC37-446E-8FEC-54F43E7C7396}.Release|Any CPU.Build.0 = Release|Any CPU
		{5B6A600E-682F-49B8-A536-0736136E93ED}.Debug|Any CPU.ActiveCfg = Debug|Any CPU
		{5B6A600E-682F-49B8-A536-0736136E93ED}.Debug|Any CPU.Build.0 = Debug|Any CPU
		{5B6A600E-682F-49B8-A536-0736136E93ED}.Release|Any CPU.ActiveCfg = Release|Any CPU
		{5B6A600E-682F-49B8-A536-0736136E93ED}.Release|Any CPU.Build.0 = Release|Any CPU
		{291F3A21-17A8-4580-B36B-788C2DA35DA0}.Debug|Any CPU.ActiveCfg = Debug|Any CPU
		{291F3A21-17A8-4580-B36B-788C2DA35DA0}.Debug|Any CPU.Build.0 = Debug|Any CPU
		{291F3A21-17A8-4580-B36B-788C2DA35DA0}.Release|Any CPU.ActiveCfg = Release|Any CPU
		{291F3A21-17A8-4580-B36B-788C2DA35DA0}.Release|Any CPU.Build.0 = Release|Any CPU
	EndGlobalSection
	GlobalSection(SolutionProperties) = preSolution
		HideSolutionNode = FALSE
	EndGlobalSection
EndGlobal
